
Microsoft Visual Studio Solution File, Format Version 12.00
# Visual Studio Version 17
VisualStudioVersion = 17.11.35222.181
MinimumVisualStudioVersion = 10.0.40219.1
Project("{9A19103F-16F7-4668-BE54-9A1E7A4F7556}") = "WebAPI", "WebApplication\WebAPI.csproj", "{45B83DC5-499C-4256-BFEC-364FC49119A4}"
EndProject
Project("{FAE04EC0-301F-11D3-BF4B-00C04F79EFBC}") = "WebApp", "WebApp\WebApp.csproj", "{1F216196-A853-4688-8A3A-991A319BCAF3}"
EndProject
Global
	GlobalSection(SolutionConfigurationPlatforms) = preSolution
		Debug|Any CPU = Debug|Any CPU
		Release|Any CPU = Release|Any CPU
	EndGlobalSection
	GlobalSection(ProjectConfigurationPlatforms) = postSolution
		{45B83DC5-499C-4256-BFEC-364FC49119A4}.Debug|Any CPU.ActiveCfg = Debug|Any CPU
		{45B83DC5-499C-4256-BFEC-364FC49119A4}.Debug|Any CPU.Build.0 = Debug|Any CPU
		{45B83DC5-499C-4256-BFEC-364FC49119A4}.Release|Any CPU.ActiveCfg = Release|Any CPU
		{45B83DC5-499C-4256-BFEC-364FC49119A4}.Release|Any CPU.Build.0 = Release|Any CPU
		{1F216196-A853-4688-8A3A-991A319BCAF3}.Debug|Any CPU.ActiveCfg = Debug|Any CPU
		{1F216196-A853-4688-8A3A-991A319BCAF3}.Debug|Any CPU.Build.0 = Debug|Any CPU
		{1F216196-A853-4688-8A3A-991A319BCAF3}.Release|Any CPU.ActiveCfg = Release|Any CPU
		{1F216196-A853-4688-8A3A-991A319BCAF3}.Release|Any CPU.Build.0 = Release|Any CPU
	EndGlobalSection
	GlobalSection(SolutionProperties) = preSolution
		HideSolutionNode = FALSE
	EndGlobalSection
	GlobalSection(ExtensibilityGlobals) = postSolution
		SolutionGuid = {3C4E3D21-31EE-442F-A6D7-6C0B23FA3323}
	EndGlobalSection
EndGlobal
